
Microsoft Visual Studio Solution File, Format Version 12.00
# Visual Studio Version 17
VisualStudioVersion = 17.11.35222.181
MinimumVisualStudioVersion = 10.0.40219.1
Project("{FAE04EC0-301F-11D3-BF4B-00C04F79EFBC}") = "ReactAspServer.Server", "ReactAspServer.Server\ReactAspServer.Server.csproj", "{DA59454D-0D42-43DF-A91F-2AB6FDAC1E6C}"
EndProject
Project("{54A90642-561A-4BB1-A94E-469ADEE60C69}") = "reactaspserver.client", "reactaspserver.client\reactaspserver.client.esproj", "{FFED0107-F4D4-4B84-96ED-CCC7D73C4950}"
EndProject
Global
	GlobalSection(SolutionConfigurationPlatforms) = preSolution
		Debug|Any CPU = Debug|Any CPU
		Release|Any CPU = Release|Any CPU
	EndGlobalSection
	GlobalSection(ProjectConfigurationPlatforms) = postSolution
		{DA59454D-0D42-43DF-A91F-2AB6FDAC1E6C}.Debug|Any CPU.ActiveCfg = Debug|Any CPU
		{DA59454D-0D42-43DF-A91F-2AB6FDAC1E6C}.Debug|Any CPU.Build.0 = Debug|Any CPU
		{DA59454D-0D42-43DF-A91F-2AB6FDAC1E6C}.Release|Any CPU.ActiveCfg = Release|Any CPU
		{DA59454D-0D42-43DF-A91F-2AB6FDAC1E6C}.Release|Any CPU.Build.0 = Release|Any CPU
		{FFED0107-F4D4-4B84-96ED-CCC7D73C4950}.Debug|Any CPU.ActiveCfg = Debug|Any CPU
		{FFED0107-F4D4-4B84-96ED-CCC7D73C4950}.Debug|Any CPU.Build.0 = Debug|Any CPU
		{FFED0107-F4D4-4B84-96ED-CCC7D73C4950}.Debug|Any CPU.Deploy.0 = Debug|Any CPU
		{FFED0107-F4D4-4B84-96ED-CCC7D73C4950}.Release|Any CPU.ActiveCfg = Release|Any CPU
		{FFED0107-F4D4-4B84-96ED-CCC7D73C4950}.Release|Any CPU.Build.0 = Release|Any CPU
		{FFED0107-F4D4-4B84-96ED-CCC7D73C4950}.Release|Any CPU.Deploy.0 = Release|Any CPU
	EndGlobalSection
	GlobalSection(SolutionProperties) = preSolution
		HideSolutionNode = FALSE
	EndGlobalSection
	GlobalSection(ExtensibilityGlobals) = postSolution
		SolutionGuid = {EEA493DD-E155-4A1D-BFB7-5D6FD53C8F49}
	EndGlobalSection
EndGlobal
